// !$*UTF8*$!
{
	archiveVersion = 1;
	classes = {
	};
	objectVersion = 46;
	objects = {

/* Begin PBXBuildFile section */
		633660921E003591006F091F /* FTShowMoreCell.m in Sources */ = {isa = PBXBuildFile; fileRef = 633660901E003590006F091F /* FTShowMoreCell.m */; };
		633660931E003591006F091F /* FTShowMoreCell.xib in Resources */ = {isa = PBXBuildFile; fileRef = 633660911E003590006F091F /* FTShowMoreCell.xib */; };
		633660A21E01E4E5006F091F /* FTListPresenter.m in Sources */ = {isa = PBXBuildFile; fileRef = 633660A11E01E4E5006F091F /* FTListPresenter.m */; };
		633660A51E01E4FF006F091F /* FTListWireframe.m in Sources */ = {isa = PBXBuildFile; fileRef = 633660A41E01E4FF006F091F /* FTListWireframe.m */; };
		633660A81E01E58B006F091F /* FTListInteractor.m in Sources */ = {isa = PBXBuildFile; fileRef = 633660A71E01E58B006F091F /* FTListInteractor.m */; };
		633660B41E0335BE006F091F /* AppDependencies.m in Sources */ = {isa = PBXBuildFile; fileRef = 633660B31E0335BE006F091F /* AppDependencies.m */; };
		633660B71E033D24006F091F /* FTRootNavControllerWireframe.m in Sources */ = {isa = PBXBuildFile; fileRef = 633660B61E033D24006F091F /* FTRootNavControllerWireframe.m */; };
		633660BC1E033E13006F091F /* FTRootNavController.storyboard in Resources */ = {isa = PBXBuildFile; fileRef = 633660BB1E033E13006F091F /* FTRootNavController.storyboard */; };
		6337155D1E047E6200887366 /* FTFilterModuleViewController.m in Sources */ = {isa = PBXBuildFile; fileRef = 6337155A1E047E6200887366 /* FTFilterModuleViewController.m */; };
		6337155E1E047E6200887366 /* FTFilterModuleViewController.storyboard in Resources */ = {isa = PBXBuildFile; fileRef = 6337155B1E047E6200887366 /* FTFilterModuleViewController.storyboard */; };
		633715611E047E9400887366 /* FTFilterPresenter.m in Sources */ = {isa = PBXBuildFile; fileRef = 633715601E047E9400887366 /* FTFilterPresenter.m */; };
		633715641E047EB500887366 /* FTFilterWireframe.m in Sources */ = {isa = PBXBuildFile; fileRef = 633715631E047EB500887366 /* FTFilterWireframe.m */; };
		6337156A1E047F6C00887366 /* FTFilterInteractor.m in Sources */ = {isa = PBXBuildFile; fileRef = 633715691E047F6C00887366 /* FTFilterInteractor.m */; };
		633715721E05CD4E00887366 /* FTCategoryCell.m in Sources */ = {isa = PBXBuildFile; fileRef = 633715701E05CD4E00887366 /* FTCategoryCell.m */; };
		633715731E05CD4E00887366 /* FTCategoryCell.xib in Resources */ = {isa = PBXBuildFile; fileRef = 633715711E05CD4E00887366 /* FTCategoryCell.xib */; };
		635E18161DFEBDC400FCFDE7 /* FTLoadingScreen.m in Sources */ = {isa = PBXBuildFile; fileRef = 635E18151DFEBDC400FCFDE7 /* FTLoadingScreen.m */; };
		635E18181DFEBDDE00FCFDE7 /* FTLoadingScreen.xib in Resources */ = {isa = PBXBuildFile; fileRef = 635E18171DFEBDDE00FCFDE7 /* FTLoadingScreen.xib */; };
		639B53DF1DFD586C00AE6CF5 /* FTVenueCell.m in Sources */ = {isa = PBXBuildFile; fileRef = 639B53DD1DFD586C00AE6CF5 /* FTVenueCell.m */; };
		639B53E01DFD586C00AE6CF5 /* FTVenueCell.xib in Resources */ = {isa = PBXBuildFile; fileRef = 639B53DE1DFD586C00AE6CF5 /* FTVenueCell.xib */; };
		639B53E31DFD981800AE6CF5 /* FTTableHeader.m in Sources */ = {isa = PBXBuildFile; fileRef = 639B53E21DFD981800AE6CF5 /* FTTableHeader.m */; };
		639B53E51DFD99A300AE6CF5 /* FTTableHeader.xib in Resources */ = {isa = PBXBuildFile; fileRef = 639B53E41DFD99A300AE6CF5 /* FTTableHeader.xib */; };
		639B53EB1DFDF97000AE6CF5 /* FTLocationManager.m in Sources */ = {isa = PBXBuildFile; fileRef = 639B53EA1DFDF97000AE6CF5 /* FTLocationManager.m */; };
		664A1EC01DF6C47700F9637C /* main.m in Sources */ = {isa = PBXBuildFile; fileRef = 664A1EBF1DF6C47700F9637C /* main.m */; };
		664A1EC31DF6C47700F9637C /* AppDelegate.m in Sources */ = {isa = PBXBuildFile; fileRef = 664A1EC21DF6C47700F9637C /* AppDelegate.m */; };
		664A1EC61DF6C47700F9637C /* FTListModuleViewController.m in Sources */ = {isa = PBXBuildFile; fileRef = 664A1EC51DF6C47700F9637C /* FTListModuleViewController.m */; };
		664A1EC91DF6C47700F9637C /* FTListView.storyboard in Resources */ = {isa = PBXBuildFile; fileRef = 664A1EC71DF6C47700F9637C /* FTListView.storyboard */; };
		664A1ECC1DF6C47700F9637C /* ForesquareTest.xcdatamodeld in Sources */ = {isa = PBXBuildFile; fileRef = 664A1ECA1DF6C47700F9637C /* ForesquareTest.xcdatamodeld */; };
		664A1ECE1DF6C47700F9637C /* Assets.xcassets in Resources */ = {isa = PBXBuildFile; fileRef = 664A1ECD1DF6C47700F9637C /* Assets.xcassets */; };
		664A1ED11DF6C47700F9637C /* LaunchScreen.storyboard in Resources */ = {isa = PBXBuildFile; fileRef = 664A1ECF1DF6C47700F9637C /* LaunchScreen.storyboard */; };
		664A1EDA1DF6C82D00F9637C /* FTNetworkManager.m in Sources */ = {isa = PBXBuildFile; fileRef = 664A1ED91DF6C82D00F9637C /* FTNetworkManager.m */; };
		664A1EDD1DF6D00C00F9637C /* FTObjectMaker.m in Sources */ = {isa = PBXBuildFile; fileRef = 664A1EDC1DF6D00C00F9637C /* FTObjectMaker.m */; };
		664A1EE01DF6D04400F9637C /* FTVenue.m in Sources */ = {isa = PBXBuildFile; fileRef = 664A1EDF1DF6D04400F9637C /* FTVenue.m */; };
		664A1EE31DF6D09C00F9637C /* FTLocation.m in Sources */ = {isa = PBXBuildFile; fileRef = 664A1EE21DF6D09C00F9637C /* FTLocation.m */; };
		6656B7BC1DF83CE30026BDA8 /* FTCategory.m in Sources */ = {isa = PBXBuildFile; fileRef = 6656B7BB1DF83CE30026BDA8 /* FTCategory.m */; };
		66736D401DFA993000848F5C /* FTListModelManager.m in Sources */ = {isa = PBXBuildFile; fileRef = 66736D3F1DFA993000848F5C /* FTListModelManager.m */; };
		EE561E5E52FF69C166077E24 /* Pods_ForesquareTest.framework in Frameworks */ = {isa = PBXBuildFile; fileRef = 7F0994D4AFBC2FBC2299017B /* Pods_ForesquareTest.framework */; };
/* End PBXBuildFile section */

/* Begin PBXFileReference section */
		5B721C9BC094896191A7435C /* Pods-ForesquareTest.debug.xcconfig */ = {isa = PBXFileReference; includeInIndex = 1; lastKnownFileType = text.xcconfig; name = "Pods-ForesquareTest.debug.xcconfig"; path = "Pods/Target Support Files/Pods-ForesquareTest/Pods-ForesquareTest.debug.xcconfig"; sourceTree = "<group>"; };
		6336608F1E003590006F091F /* FTShowMoreCell.h */ = {isa = PBXFileReference; fileEncoding = 4; lastKnownFileType = sourcecode.c.h; path = FTShowMoreCell.h; sourceTree = "<group>"; };
		633660901E003590006F091F /* FTShowMoreCell.m */ = {isa = PBXFileReference; fileEncoding = 4; lastKnownFileType = sourcecode.c.objc; path = FTShowMoreCell.m; sourceTree = "<group>"; };
		633660911E003590006F091F /* FTShowMoreCell.xib */ = {isa = PBXFileReference; fileEncoding = 4; lastKnownFileType = file.xib; path = FTShowMoreCell.xib; sourceTree = "<group>"; };
		633660A01E01E4E5006F091F /* FTListPresenter.h */ = {isa = PBXFileReference; fileEncoding = 4; lastKnownFileType = sourcecode.c.h; path = FTListPresenter.h; sourceTree = "<group>"; };
		633660A11E01E4E5006F091F /* FTListPresenter.m */ = {isa = PBXFileReference; fileEncoding = 4; lastKnownFileType = sourcecode.c.objc; path = FTListPresenter.m; sourceTree = "<group>"; };
		633660A31E01E4FF006F091F /* FTListWireframe.h */ = {isa = PBXFileReference; fileEncoding = 4; lastKnownFileType = sourcecode.c.h; path = FTListWireframe.h; sourceTree = "<group>"; };
		633660A41E01E4FF006F091F /* FTListWireframe.m */ = {isa = PBXFileReference; fileEncoding = 4; lastKnownFileType = sourcecode.c.objc; path = FTListWireframe.m; sourceTree = "<group>"; };
		633660A61E01E58B006F091F /* FTListInteractor.h */ = {isa = PBXFileReference; fileEncoding = 4; lastKnownFileType = sourcecode.c.h; path = FTListInteractor.h; sourceTree = "<group>"; };
		633660A71E01E58B006F091F /* FTListInteractor.m */ = {isa = PBXFileReference; fileEncoding = 4; lastKnownFileType = sourcecode.c.objc; path = FTListInteractor.m; sourceTree = "<group>"; };
		633660A91E01E74F006F091F /* FTListModuleInterface.h */ = {isa = PBXFileReference; fileEncoding = 4; lastKnownFileType = sourcecode.c.h; path = FTListModuleInterface.h; sourceTree = "<group>"; };
		633660AC1E01E7E1006F091F /* FTListInputOutputInterface.h */ = {isa = PBXFileReference; fileEncoding = 4; lastKnownFileType = sourcecode.c.h; path = FTListInputOutputInterface.h; sourceTree = "<group>"; };
		633660AF1E01E8DA006F091F /* FTListViewInterface.h */ = {isa = PBXFileReference; fileEncoding = 4; lastKnownFileType = sourcecode.c.h; path = FTListViewInterface.h; sourceTree = "<group>"; };
		633660B21E0335BE006F091F /* AppDependencies.h */ = {isa = PBXFileReference; fileEncoding = 4; lastKnownFileType = sourcecode.c.h; path = AppDependencies.h; sourceTree = "<group>"; };
		633660B31E0335BE006F091F /* AppDependencies.m */ = {isa = PBXFileReference; fileEncoding = 4; lastKnownFileType = sourcecode.c.objc; path = AppDependencies.m; sourceTree = "<group>"; };
		633660B51E033D24006F091F /* FTRootNavControllerWireframe.h */ = {isa = PBXFileReference; fileEncoding = 4; lastKnownFileType = sourcecode.c.h; path = FTRootNavControllerWireframe.h; sourceTree = "<group>"; };
		633660B61E033D24006F091F /* FTRootNavControllerWireframe.m */ = {isa = PBXFileReference; fileEncoding = 4; lastKnownFileType = sourcecode.c.objc; path = FTRootNavControllerWireframe.m; sourceTree = "<group>"; };
		633660B81E033D70006F091F /* FTRootNavControllerInterface.h */ = {isa = PBXFileReference; fileEncoding = 4; lastKnownFileType = sourcecode.c.h; path = FTRootNavControllerInterface.h; sourceTree = "<group>"; };
		633660BB1E033E13006F091F /* FTRootNavController.storyboard */ = {isa = PBXFileReference; fileEncoding = 4; lastKnownFileType = file.storyboard; path = FTRootNavController.storyboard; sourceTree = "<group>"; };
		633715591E047E6200887366 /* FTFilterModuleViewController.h */ = {isa = PBXFileReference; fileEncoding = 4; lastKnownFileType = sourcecode.c.h; path = FTFilterModuleViewController.h; sourceTree = "<group>"; };
		6337155A1E047E6200887366 /* FTFilterModuleViewController.m */ = {isa = PBXFileReference; fileEncoding = 4; lastKnownFileType = sourcecode.c.objc; path = FTFilterModuleViewController.m; sourceTree = "<group>"; };
		6337155B1E047E6200887366 /* FTFilterModuleViewController.storyboard */ = {isa = PBXFileReference; fileEncoding = 4; lastKnownFileType = file.storyboard; path = FTFilterModuleViewController.storyboard; sourceTree = "<group>"; };
		6337155C1E047E6200887366 /* FTFilterViewInterface.h */ = {isa = PBXFileReference; fileEncoding = 4; lastKnownFileType = sourcecode.c.h; path = FTFilterViewInterface.h; sourceTree = "<group>"; };
		6337155F1E047E9400887366 /* FTFilterPresenter.h */ = {isa = PBXFileReference; fileEncoding = 4; lastKnownFileType = sourcecode.c.h; path = FTFilterPresenter.h; sourceTree = "<group>"; };
		633715601E047E9400887366 /* FTFilterPresenter.m */ = {isa = PBXFileReference; fileEncoding = 4; lastKnownFileType = sourcecode.c.objc; path = FTFilterPresenter.m; sourceTree = "<group>"; };
		633715621E047EB500887366 /* FTFilterWireframe.h */ = {isa = PBXFileReference; fileEncoding = 4; lastKnownFileType = sourcecode.c.h; path = FTFilterWireframe.h; sourceTree = "<group>"; };
		633715631E047EB500887366 /* FTFilterWireframe.m */ = {isa = PBXFileReference; fileEncoding = 4; lastKnownFileType = sourcecode.c.objc; path = FTFilterWireframe.m; sourceTree = "<group>"; };
		633715651E047F1B00887366 /* FTFilterModuleInterface.h */ = {isa = PBXFileReference; fileEncoding = 4; lastKnownFileType = sourcecode.c.h; path = FTFilterModuleInterface.h; sourceTree = "<group>"; };
		633715681E047F6C00887366 /* FTFilterInteractor.h */ = {isa = PBXFileReference; fileEncoding = 4; lastKnownFileType = sourcecode.c.h; path = FTFilterInteractor.h; sourceTree = "<group>"; };
		633715691E047F6C00887366 /* FTFilterInteractor.m */ = {isa = PBXFileReference; fileEncoding = 4; lastKnownFileType = sourcecode.c.objc; path = FTFilterInteractor.m; sourceTree = "<group>"; };
		6337156B1E047F8A00887366 /* FTFilterInputOutputInterface.h */ = {isa = PBXFileReference; fileEncoding = 4; lastKnownFileType = sourcecode.c.h; path = FTFilterInputOutputInterface.h; sourceTree = "<group>"; };
		6337156F1E05CD4E00887366 /* FTCategoryCell.h */ = {isa = PBXFileReference; fileEncoding = 4; lastKnownFileType = sourcecode.c.h; path = FTCategoryCell.h; sourceTree = "<group>"; };
		633715701E05CD4E00887366 /* FTCategoryCell.m */ = {isa = PBXFileReference; fileEncoding = 4; lastKnownFileType = sourcecode.c.objc; path = FTCategoryCell.m; sourceTree = "<group>"; };
		633715711E05CD4E00887366 /* FTCategoryCell.xib */ = {isa = PBXFileReference; fileEncoding = 4; lastKnownFileType = file.xib; path = FTCategoryCell.xib; sourceTree = "<group>"; };
		635E18141DFEBDC400FCFDE7 /* FTLoadingScreen.h */ = {isa = PBXFileReference; fileEncoding = 4; lastKnownFileType = sourcecode.c.h; path = FTLoadingScreen.h; sourceTree = "<group>"; };
		635E18151DFEBDC400FCFDE7 /* FTLoadingScreen.m */ = {isa = PBXFileReference; fileEncoding = 4; lastKnownFileType = sourcecode.c.objc; path = FTLoadingScreen.m; sourceTree = "<group>"; };
		635E18171DFEBDDE00FCFDE7 /* FTLoadingScreen.xib */ = {isa = PBXFileReference; fileEncoding = 4; lastKnownFileType = file.xib; path = FTLoadingScreen.xib; sourceTree = "<group>"; };
		635E18191DFEC36100FCFDE7 /* FTLocationManagerInterface.h */ = {isa = PBXFileReference; fileEncoding = 4; lastKnownFileType = sourcecode.c.h; name = FTLocationManagerInterface.h; path = ../FTLocationManagerInterface.h; sourceTree = "<group>"; };
		639B53DC1DFD586C00AE6CF5 /* FTVenueCell.h */ = {isa = PBXFileReference; fileEncoding = 4; lastKnownFileType = sourcecode.c.h; path = FTVenueCell.h; sourceTree = "<group>"; };
		639B53DD1DFD586C00AE6CF5 /* FTVenueCell.m */ = {isa = PBXFileReference; fileEncoding = 4; lastKnownFileType = sourcecode.c.objc; path = FTVenueCell.m; sourceTree = "<group>"; };
		639B53DE1DFD586C00AE6CF5 /* FTVenueCell.xib */ = {isa = PBXFileReference; fileEncoding = 4; lastKnownFileType = file.xib; path = FTVenueCell.xib; sourceTree = "<group>"; };
		639B53E11DFD981800AE6CF5 /* FTTableHeader.h */ = {isa = PBXFileReference; fileEncoding = 4; lastKnownFileType = sourcecode.c.h; path = FTTableHeader.h; sourceTree = "<group>"; };
		639B53E21DFD981800AE6CF5 /* FTTableHeader.m */ = {isa = PBXFileReference; fileEncoding = 4; lastKnownFileType = sourcecode.c.objc; path = FTTableHeader.m; sourceTree = "<group>"; };
		639B53E41DFD99A300AE6CF5 /* FTTableHeader.xib */ = {isa = PBXFileReference; fileEncoding = 4; lastKnownFileType = file.xib; path = FTTableHeader.xib; sourceTree = "<group>"; };
		639B53E91DFDF97000AE6CF5 /* FTLocationManager.h */ = {isa = PBXFileReference; fileEncoding = 4; lastKnownFileType = sourcecode.c.h; name = FTLocationManager.h; path = ../FTLocationManager.h; sourceTree = "<group>"; };
		639B53EA1DFDF97000AE6CF5 /* FTLocationManager.m */ = {isa = PBXFileReference; fileEncoding = 4; lastKnownFileType = sourcecode.c.objc; name = FTLocationManager.m; path = ../FTLocationManager.m; sourceTree = "<group>"; };
		664A1EBB1DF6C47700F9637C /* ForesquareTest.app */ = {isa = PBXFileReference; explicitFileType = wrapper.application; includeInIndex = 0; path = ForesquareTest.app; sourceTree = BUILT_PRODUCTS_DIR; };
		664A1EBF1DF6C47700F9637C /* main.m */ = {isa = PBXFileReference; lastKnownFileType = sourcecode.c.objc; path = main.m; sourceTree = "<group>"; };
		664A1EC11DF6C47700F9637C /* AppDelegate.h */ = {isa = PBXFileReference; lastKnownFileType = sourcecode.c.h; name = AppDelegate.h; path = ../AppDelegate.h; sourceTree = "<group>"; };
		664A1EC21DF6C47700F9637C /* AppDelegate.m */ = {isa = PBXFileReference; lastKnownFileType = sourcecode.c.objc; name = AppDelegate.m; path = ../AppDelegate.m; sourceTree = "<group>"; };
		664A1EC41DF6C47700F9637C /* FTListModuleViewController.h */ = {isa = PBXFileReference; lastKnownFileType = sourcecode.c.h; name = FTListModuleViewController.h; path = ForesquareTest/FTListModuleViewController.h; sourceTree = SOURCE_ROOT; };
		664A1EC51DF6C47700F9637C /* FTListModuleViewController.m */ = {isa = PBXFileReference; lastKnownFileType = sourcecode.c.objc; name = FTListModuleViewController.m; path = ForesquareTest/FTListModuleViewController.m; sourceTree = SOURCE_ROOT; };
		664A1EC81DF6C47700F9637C /* Base */ = {isa = PBXFileReference; lastKnownFileType = file.storyboard; name = Base; path = Base.lproj/FTListView.storyboard; sourceTree = "<group>"; };
		664A1ECB1DF6C47700F9637C /* ForesquareTest.xcdatamodel */ = {isa = PBXFileReference; lastKnownFileType = wrapper.xcdatamodel; path = ForesquareTest.xcdatamodel; sourceTree = "<group>"; };
		664A1ECD1DF6C47700F9637C /* Assets.xcassets */ = {isa = PBXFileReference; lastKnownFileType = folder.assetcatalog; path = Assets.xcassets; sourceTree = "<group>"; };
		664A1ED01DF6C47700F9637C /* Base */ = {isa = PBXFileReference; lastKnownFileType = file.storyboard; name = Base; path = Base.lproj/LaunchScreen.storyboard; sourceTree = "<group>"; };
		664A1ED21DF6C47700F9637C /* Info.plist */ = {isa = PBXFileReference; lastKnownFileType = text.plist.xml; path = Info.plist; sourceTree = "<group>"; };
		664A1ED81DF6C82D00F9637C /* FTNetworkManager.h */ = {isa = PBXFileReference; fileEncoding = 4; lastKnownFileType = sourcecode.c.h; name = FTNetworkManager.h; path = ../../FTNetworkManager.h; sourceTree = "<group>"; };
		664A1ED91DF6C82D00F9637C /* FTNetworkManager.m */ = {isa = PBXFileReference; fileEncoding = 4; lastKnownFileType = sourcecode.c.objc; name = FTNetworkManager.m; path = ../../FTNetworkManager.m; sourceTree = "<group>"; };
		664A1EDB1DF6D00C00F9637C /* FTObjectMaker.h */ = {isa = PBXFileReference; fileEncoding = 4; lastKnownFileType = sourcecode.c.h; name = FTObjectMaker.h; path = ../../FTObjectMaker.h; sourceTree = "<group>"; };
		664A1EDC1DF6D00C00F9637C /* FTObjectMaker.m */ = {isa = PBXFileReference; fileEncoding = 4; lastKnownFileType = sourcecode.c.objc; name = FTObjectMaker.m; path = ../../FTObjectMaker.m; sourceTree = "<group>"; };
		664A1EDE1DF6D04400F9637C /* FTVenue.h */ = {isa = PBXFileReference; fileEncoding = 4; lastKnownFileType = sourcecode.c.h; name = FTVenue.h; path = ../FTVenue.h; sourceTree = "<group>"; };
		664A1EDF1DF6D04400F9637C /* FTVenue.m */ = {isa = PBXFileReference; fileEncoding = 4; lastKnownFileType = sourcecode.c.objc; name = FTVenue.m; path = ../FTVenue.m; sourceTree = "<group>"; };
		664A1EE11DF6D09C00F9637C /* FTLocation.h */ = {isa = PBXFileReference; fileEncoding = 4; lastKnownFileType = sourcecode.c.h; name = FTLocation.h; path = ../FTLocation.h; sourceTree = "<group>"; };
		664A1EE21DF6D09C00F9637C /* FTLocation.m */ = {isa = PBXFileReference; fileEncoding = 4; lastKnownFileType = sourcecode.c.objc; name = FTLocation.m; path = ../FTLocation.m; sourceTree = "<group>"; };
		6656B7BA1DF83CE30026BDA8 /* FTCategory.h */ = {isa = PBXFileReference; fileEncoding = 4; lastKnownFileType = sourcecode.c.h; name = FTCategory.h; path = ../FTCategory.h; sourceTree = "<group>"; };
		6656B7BB1DF83CE30026BDA8 /* FTCategory.m */ = {isa = PBXFileReference; fileEncoding = 4; lastKnownFileType = sourcecode.c.objc; name = FTCategory.m; path = ../FTCategory.m; sourceTree = "<group>"; };
		66736D3E1DFA993000848F5C /* FTListModelManager.h */ = {isa = PBXFileReference; fileEncoding = 4; lastKnownFileType = sourcecode.c.h; name = FTListModelManager.h; path = ../../FTListModelManager.h; sourceTree = "<group>"; };
		66736D3F1DFA993000848F5C /* FTListModelManager.m */ = {isa = PBXFileReference; fileEncoding = 4; lastKnownFileType = sourcecode.c.objc; name = FTListModelManager.m; path = ../../FTListModelManager.m; sourceTree = "<group>"; };
		7F0994D4AFBC2FBC2299017B /* Pods_ForesquareTest.framework */ = {isa = PBXFileReference; explicitFileType = wrapper.framework; includeInIndex = 0; path = Pods_ForesquareTest.framework; sourceTree = BUILT_PRODUCTS_DIR; };
		AA622109379C4D90C40B7D4F /* Pods-ForesquareTest.release.xcconfig */ = {isa = PBXFileReference; includeInIndex = 1; lastKnownFileType = text.xcconfig; name = "Pods-ForesquareTest.release.xcconfig"; path = "Pods/Target Support Files/Pods-ForesquareTest/Pods-ForesquareTest.release.xcconfig"; sourceTree = "<group>"; };
/* End PBXFileReference section */

/* Begin PBXFrameworksBuildPhase section */
		664A1EB81DF6C47700F9637C /* Frameworks */ = {
			isa = PBXFrameworksBuildPhase;
			buildActionMask = 2147483647;
			files = (
				EE561E5E52FF69C166077E24 /* Pods_ForesquareTest.framework in Frameworks */,
			);
			runOnlyForDeploymentPostprocessing = 0;
		};
/* End PBXFrameworksBuildPhase section */

/* Begin PBXGroup section */
		40861DDBB920E75693896AD1 /* Frameworks */ = {
			isa = PBXGroup;
			children = (
				7F0994D4AFBC2FBC2299017B /* Pods_ForesquareTest.framework */,
			);
			name = Frameworks;
			sourceTree = "<group>";
		};
		633660941E01DEFD006F091F /* Classes */ = {
			isa = PBXGroup;
			children = (
				664A1EC11DF6C47700F9637C /* AppDelegate.h */,
				664A1EC21DF6C47700F9637C /* AppDelegate.m */,
				633660B21E0335BE006F091F /* AppDependencies.h */,
				633660B31E0335BE006F091F /* AppDependencies.m */,
				633660971E01E0EA006F091F /* Common */,
				633660951E01DF3C006F091F /* Modules */,
			);
			path = Classes;
			sourceTree = "<group>";
		};
		633660951E01DF3C006F091F /* Modules */ = {
			isa = PBXGroup;
			children = (
				633715441E047B8600887366 /* Filter */,
				633660961E01DF65006F091F /* List */,
			);
			path = Modules;
			sourceTree = "<group>";
		};
		633660961E01DF65006F091F /* List */ = {
			isa = PBXGroup;
			children = (
				639B53E81DFDF8A400AE6CF5 /* Application Logic */,
				6336609B1E01E2AC006F091F /* Module Interface */,
				6336609A1E01E281006F091F /* User Interface */,
			);
			path = List;
			sourceTree = "<group>";
		};
		633660971E01E0EA006F091F /* Common */ = {
			isa = PBXGroup;
			children = (
				633660981E01E17F006F091F /* Store */,
				639B53E61DFDD47000AE6CF5 /* Model */,
				633660991E01E18E006F091F /* View */,
			);
			path = Common;
			sourceTree = "<group>";
		};
		633660981E01E17F006F091F /* Store */ = {
			isa = PBXGroup;
			children = (
				664A1ECA1DF6C47700F9637C /* ForesquareTest.xcdatamodeld */,
			);
			path = Store;
			sourceTree = "<group>";
		};
		633660991E01E18E006F091F /* View */ = {
			isa = PBXGroup;
			children = (
				664A1ECF1DF6C47700F9637C /* LaunchScreen.storyboard */,
				633660B51E033D24006F091F /* FTRootNavControllerWireframe.h */,
				633660B61E033D24006F091F /* FTRootNavControllerWireframe.m */,
				633660B81E033D70006F091F /* FTRootNavControllerInterface.h */,
				633660BB1E033E13006F091F /* FTRootNavController.storyboard */,
			);
			path = View;
			sourceTree = "<group>";
		};
		6336609A1E01E281006F091F /* User Interface */ = {
			isa = PBXGroup;
			children = (
				6336609F1E01E3C2006F091F /* Wireframe */,
				6336609E1E01E380006F091F /* Presenter */,
				639B53E71DFDD4BD00AE6CF5 /* View */,
			);
			path = "User Interface";
			sourceTree = "<group>";
		};
		6336609B1E01E2AC006F091F /* Module Interface */ = {
			isa = PBXGroup;
			children = (
				633660A91E01E74F006F091F /* FTListModuleInterface.h */,
			);
			path = "Module Interface";
			sourceTree = "<group>";
		};
		6336609C1E01E301006F091F /* Manager */ = {
			isa = PBXGroup;
			children = (
				664A1ED81DF6C82D00F9637C /* FTNetworkManager.h */,
				664A1ED91DF6C82D00F9637C /* FTNetworkManager.m */,
				639B53E91DFDF97000AE6CF5 /* FTLocationManager.h */,
				639B53EA1DFDF97000AE6CF5 /* FTLocationManager.m */,
				635E18191DFEC36100FCFDE7 /* FTLocationManagerInterface.h */,
				66736D3E1DFA993000848F5C /* FTListModelManager.h */,
				66736D3F1DFA993000848F5C /* FTListModelManager.m */,
				664A1EDB1DF6D00C00F9637C /* FTObjectMaker.h */,
				664A1EDC1DF6D00C00F9637C /* FTObjectMaker.m */,
			);
			path = Manager;
			sourceTree = "<group>";
		};
		6336609D1E01E313006F091F /* Interactor */ = {
			isa = PBXGroup;
			children = (
				633660A61E01E58B006F091F /* FTListInteractor.h */,
				633660A71E01E58B006F091F /* FTListInteractor.m */,
				633660AC1E01E7E1006F091F /* FTListInputOutputInterface.h */,
			);
			path = Interactor;
			sourceTree = "<group>";
		};
		6336609E1E01E380006F091F /* Presenter */ = {
			isa = PBXGroup;
			children = (
				633660A01E01E4E5006F091F /* FTListPresenter.h */,
				633660A11E01E4E5006F091F /* FTListPresenter.m */,
			);
			path = Presenter;
			sourceTree = "<group>";
		};
		6336609F1E01E3C2006F091F /* Wireframe */ = {
			isa = PBXGroup;
			children = (
				633660A31E01E4FF006F091F /* FTListWireframe.h */,
				633660A41E01E4FF006F091F /* FTListWireframe.m */,
			);
			path = Wireframe;
			sourceTree = "<group>";
		};
		633715441E047B8600887366 /* Filter */ = {
			isa = PBXGroup;
			children = (
				633715481E047BEB00887366 /* Application Logic */,
				633715461E047BAC00887366 /* Module Interface */,
				633715471E047BD000887366 /* User Interface */,
			);
			path = Filter;
			sourceTree = "<group>";
		};
		633715461E047BAC00887366 /* Module Interface */ = {
			isa = PBXGroup;
			children = (
				633715651E047F1B00887366 /* FTFilterModuleInterface.h */,
			);
			path = "Module Interface";
			sourceTree = "<group>";
		};
		633715471E047BD000887366 /* User Interface */ = {
			isa = PBXGroup;
			children = (
				6337154B1E047C6200887366 /* Wireframe */,
				6337154C1E047C7200887366 /* Presenter */,
				6337154D1E047C7900887366 /* View */,
			);
			path = "User Interface";
			sourceTree = "<group>";
		};
		633715481E047BEB00887366 /* Application Logic */ = {
			isa = PBXGroup;
			children = (
				6337154A1E047C1F00887366 /* Manager */,
				633715491E047C1600887366 /* Interactor */,
			);
			path = "Application Logic";
			sourceTree = "<group>";
		};
		633715491E047C1600887366 /* Interactor */ = {
			isa = PBXGroup;
			children = (
				633715681E047F6C00887366 /* FTFilterInteractor.h */,
				633715691E047F6C00887366 /* FTFilterInteractor.m */,
				6337156B1E047F8A00887366 /* FTFilterInputOutputInterface.h */,
			);
			path = Interactor;
			sourceTree = "<group>";
		};
		6337154A1E047C1F00887366 /* Manager */ = {
			isa = PBXGroup;
			children = (
			);
			path = Manager;
			sourceTree = "<group>";
		};
		6337154B1E047C6200887366 /* Wireframe */ = {
			isa = PBXGroup;
			children = (
				633715621E047EB500887366 /* FTFilterWireframe.h */,
				633715631E047EB500887366 /* FTFilterWireframe.m */,
			);
			path = Wireframe;
			sourceTree = "<group>";
		};
		6337154C1E047C7200887366 /* Presenter */ = {
			isa = PBXGroup;
			children = (
				6337155F1E047E9400887366 /* FTFilterPresenter.h */,
				633715601E047E9400887366 /* FTFilterPresenter.m */,
			);
			path = Presenter;
			sourceTree = "<group>";
		};
		6337154D1E047C7900887366 /* View */ = {
			isa = PBXGroup;
			children = (
				6337156E1E05C64900887366 /* Cell */,
				633715591E047E6200887366 /* FTFilterModuleViewController.h */,
				6337155A1E047E6200887366 /* FTFilterModuleViewController.m */,
				6337155B1E047E6200887366 /* FTFilterModuleViewController.storyboard */,
				6337155C1E047E6200887366 /* FTFilterViewInterface.h */,
			);
			path = View;
			sourceTree = "<group>";
		};
		6337156E1E05C64900887366 /* Cell */ = {
			isa = PBXGroup;
			children = (
				6337156F1E05CD4E00887366 /* FTCategoryCell.h */,
				633715701E05CD4E00887366 /* FTCategoryCell.m */,
				633715711E05CD4E00887366 /* FTCategoryCell.xib */,
			);
			path = Cell;
			sourceTree = "<group>";
		};
		639B53DB1DFD581D00AE6CF5 /* Cell */ = {
			isa = PBXGroup;
			children = (
				639B53DC1DFD586C00AE6CF5 /* FTVenueCell.h */,
				639B53DD1DFD586C00AE6CF5 /* FTVenueCell.m */,
				639B53DE1DFD586C00AE6CF5 /* FTVenueCell.xib */,
				639B53E11DFD981800AE6CF5 /* FTTableHeader.h */,
				639B53E21DFD981800AE6CF5 /* FTTableHeader.m */,
				639B53E41DFD99A300AE6CF5 /* FTTableHeader.xib */,
				6336608F1E003590006F091F /* FTShowMoreCell.h */,
				633660901E003590006F091F /* FTShowMoreCell.m */,
				633660911E003590006F091F /* FTShowMoreCell.xib */,
			);
			name = Cell;
			path = ../Cell;
			sourceTree = "<group>";
		};
		639B53E61DFDD47000AE6CF5 /* Model */ = {
			isa = PBXGroup;
			children = (
				664A1EDE1DF6D04400F9637C /* FTVenue.h */,
				664A1EDF1DF6D04400F9637C /* FTVenue.m */,
				664A1EE11DF6D09C00F9637C /* FTLocation.h */,
				664A1EE21DF6D09C00F9637C /* FTLocation.m */,
				6656B7BA1DF83CE30026BDA8 /* FTCategory.h */,
				6656B7BB1DF83CE30026BDA8 /* FTCategory.m */,
			);
			name = Model;
			path = ../../Model;
			sourceTree = "<group>";
		};
		639B53E71DFDD4BD00AE6CF5 /* View */ = {
			isa = PBXGroup;
			children = (
				664A1EC71DF6C47700F9637C /* FTListView.storyboard */,
				664A1EC41DF6C47700F9637C /* FTListModuleViewController.h */,
				664A1EC51DF6C47700F9637C /* FTListModuleViewController.m */,
				633660AF1E01E8DA006F091F /* FTListViewInterface.h */,
				639B53DB1DFD581D00AE6CF5 /* Cell */,
				635E18141DFEBDC400FCFDE7 /* FTLoadingScreen.h */,
				635E18151DFEBDC400FCFDE7 /* FTLoadingScreen.m */,
				635E18171DFEBDDE00FCFDE7 /* FTLoadingScreen.xib */,
			);
			name = View;
			path = ../../../../View;
			sourceTree = "<group>";
		};
		639B53E81DFDF8A400AE6CF5 /* Application Logic */ = {
			isa = PBXGroup;
			children = (
				6336609D1E01E313006F091F /* Interactor */,
				6336609C1E01E301006F091F /* Manager */,
			);
			name = "Application Logic";
			path = "../../../Application Logic";
			sourceTree = "<group>";
		};
		664A1EB21DF6C47700F9637C = {
			isa = PBXGroup;
			children = (
				664A1EBD1DF6C47700F9637C /* ForesquareTest */,
				664A1EBC1DF6C47700F9637C /* Products */,
				898D6B8F92F21772CF4EE37C /* Pods */,
				40861DDBB920E75693896AD1 /* Frameworks */,
			);
			sourceTree = "<group>";
		};
		664A1EBC1DF6C47700F9637C /* Products */ = {
			isa = PBXGroup;
			children = (
				664A1EBB1DF6C47700F9637C /* ForesquareTest.app */,
			);
			name = Products;
			sourceTree = "<group>";
		};
		664A1EBD1DF6C47700F9637C /* ForesquareTest */ = {
			isa = PBXGroup;
			children = (
				633660941E01DEFD006F091F /* Classes */,
				664A1ECD1DF6C47700F9637C /* Assets.xcassets */,
				664A1ED21DF6C47700F9637C /* Info.plist */,
				664A1EBE1DF6C47700F9637C /* Supporting Files */,
			);
			path = ForesquareTest;
			sourceTree = "<group>";
		};
		664A1EBE1DF6C47700F9637C /* Supporting Files */ = {
			isa = PBXGroup;
			children = (
				664A1EBF1DF6C47700F9637C /* main.m */,
			);
			name = "Supporting Files";
			sourceTree = "<group>";
		};
		898D6B8F92F21772CF4EE37C /* Pods */ = {
			isa = PBXGroup;
			children = (
				5B721C9BC094896191A7435C /* Pods-ForesquareTest.debug.xcconfig */,
				AA622109379C4D90C40B7D4F /* Pods-ForesquareTest.release.xcconfig */,
			);
			name = Pods;
			sourceTree = "<group>";
		};
/* End PBXGroup section */

/* Begin PBXNativeTarget section */
		664A1EBA1DF6C47700F9637C /* ForesquareTest */ = {
			isa = PBXNativeTarget;
			buildConfigurationList = 664A1ED51DF6C47700F9637C /* Build configuration list for PBXNativeTarget "ForesquareTest" */;
			buildPhases = (
				725480FF8E163E6260DD0146 /* [CP] Check Pods Manifest.lock */,
				664A1EB71DF6C47700F9637C /* Sources */,
				664A1EB81DF6C47700F9637C /* Frameworks */,
				664A1EB91DF6C47700F9637C /* Resources */,
				A2769C3E185BB6F556FECA5B /* [CP] Embed Pods Frameworks */,
				C32690721C11E7DC4BF254D9 /* [CP] Copy Pods Resources */,
			);
			buildRules = (
			);
			dependencies = (
			);
			name = ForesquareTest;
			productName = ForesquareTest;
			productReference = 664A1EBB1DF6C47700F9637C /* ForesquareTest.app */;
			productType = "com.apple.product-type.application";
		};
/* End PBXNativeTarget section */

/* Begin PBXProject section */
		664A1EB31DF6C47700F9637C /* Project object */ = {
			isa = PBXProject;
			attributes = {
				LastUpgradeCheck = 0810;
				ORGANIZATIONNAME = "Команда Complex Systems";
				TargetAttributes = {
					664A1EBA1DF6C47700F9637C = {
						CreatedOnToolsVersion = 8.1;
						DevelopmentTeam = VPPZ4FUK88;
						ProvisioningStyle = Automatic;
					};
				};
			};
			buildConfigurationList = 664A1EB61DF6C47700F9637C /* Build configuration list for PBXProject "ForesquareTest" */;
			compatibilityVersion = "Xcode 3.2";
			developmentRegion = English;
			hasScannedForEncodings = 0;
			knownRegions = (
				en,
				Base,
			);
			mainGroup = 664A1EB21DF6C47700F9637C;
			productRefGroup = 664A1EBC1DF6C47700F9637C /* Products */;
			projectDirPath = "";
			projectRoot = "";
			targets = (
				664A1EBA1DF6C47700F9637C /* ForesquareTest */,
			);
		};
/* End PBXProject section */

/* Begin PBXResourcesBuildPhase section */
		664A1EB91DF6C47700F9637C /* Resources */ = {
			isa = PBXResourcesBuildPhase;
			buildActionMask = 2147483647;
			files = (
				664A1ED11DF6C47700F9637C /* LaunchScreen.storyboard in Resources */,
				633715731E05CD4E00887366 /* FTCategoryCell.xib in Resources */,
				639B53E51DFD99A300AE6CF5 /* FTTableHeader.xib in Resources */,
				639B53E01DFD586C00AE6CF5 /* FTVenueCell.xib in Resources */,
				6337155E1E047E6200887366 /* FTFilterModuleViewController.storyboard in Resources */,
				664A1ECE1DF6C47700F9637C /* Assets.xcassets in Resources */,
				633660BC1E033E13006F091F /* FTRootNavController.storyboard in Resources */,
				635E18181DFEBDDE00FCFDE7 /* FTLoadingScreen.xib in Resources */,
				633660931E003591006F091F /* FTShowMoreCell.xib in Resources */,
				664A1EC91DF6C47700F9637C /* FTListView.storyboard in Resources */,
			);
			runOnlyForDeploymentPostprocessing = 0;
		};
/* End PBXResourcesBuildPhase section */

/* Begin PBXShellScriptBuildPhase section */
		725480FF8E163E6260DD0146 /* [CP] Check Pods Manifest.lock */ = {
			isa = PBXShellScriptBuildPhase;
			buildActionMask = 2147483647;
			files = (
			);
			inputPaths = (
			);
			name = "[CP] Check Pods Manifest.lock";
			outputPaths = (
			);
			runOnlyForDeploymentPostprocessing = 0;
			shellPath = /bin/sh;
			shellScript = "diff \"${PODS_ROOT}/../Podfile.lock\" \"${PODS_ROOT}/Manifest.lock\" > /dev/null\nif [ $? != 0 ] ; then\n    # print error to STDERR\n    echo \"error: The sandbox is not in sync with the Podfile.lock. Run 'pod install' or update your CocoaPods installation.\" >&2\n    exit 1\nfi\n";
			showEnvVarsInLog = 0;
		};
		A2769C3E185BB6F556FECA5B /* [CP] Embed Pods Frameworks */ = {
			isa = PBXShellScriptBuildPhase;
			buildActionMask = 2147483647;
			files = (
			);
			inputPaths = (
			);
			name = "[CP] Embed Pods Frameworks";
			outputPaths = (
			);
			runOnlyForDeploymentPostprocessing = 0;
			shellPath = /bin/sh;
			shellScript = "\"${SRCROOT}/Pods/Target Support Files/Pods-ForesquareTest/Pods-ForesquareTest-frameworks.sh\"\n";
			showEnvVarsInLog = 0;
		};
		C32690721C11E7DC4BF254D9 /* [CP] Copy Pods Resources */ = {
			isa = PBXShellScriptBuildPhase;
			buildActionMask = 2147483647;
			files = (
			);
			inputPaths = (
			);
			name = "[CP] Copy Pods Resources";
			outputPaths = (
			);
			runOnlyForDeploymentPostprocessing = 0;
			shellPath = /bin/sh;
			shellScript = "\"${SRCROOT}/Pods/Target Support Files/Pods-ForesquareTest/Pods-ForesquareTest-resources.sh\"\n";
			showEnvVarsInLog = 0;
		};
/* End PBXShellScriptBuildPhase section */

/* Begin PBXSourcesBuildPhase section */
		664A1EB71DF6C47700F9637C /* Sources */ = {
			isa = PBXSourcesBuildPhase;
			buildActionMask = 2147483647;
			files = (
				664A1ECC1DF6C47700F9637C /* ForesquareTest.xcdatamodeld in Sources */,
				633715721E05CD4E00887366 /* FTCategoryCell.m in Sources */,
				6656B7BC1DF83CE30026BDA8 /* FTCategory.m in Sources */,
				635E18161DFEBDC400FCFDE7 /* FTLoadingScreen.m in Sources */,
				664A1EDD1DF6D00C00F9637C /* FTObjectMaker.m in Sources */,
				66736D401DFA993000848F5C /* FTListModelManager.m in Sources */,
				664A1EE01DF6D04400F9637C /* FTVenue.m in Sources */,
				633715611E047E9400887366 /* FTFilterPresenter.m in Sources */,
				633660B71E033D24006F091F /* FTRootNavControllerWireframe.m in Sources */,
				633715641E047EB500887366 /* FTFilterWireframe.m in Sources */,
				639B53E31DFD981800AE6CF5 /* FTTableHeader.m in Sources */,
				6337156A1E047F6C00887366 /* FTFilterInteractor.m in Sources */,
				664A1EC61DF6C47700F9637C /* FTListModuleViewController.m in Sources */,
				664A1EC31DF6C47700F9637C /* AppDelegate.m in Sources */,
				664A1EDA1DF6C82D00F9637C /* FTNetworkManager.m in Sources */,
				633660A51E01E4FF006F091F /* FTListWireframe.m in Sources */,
				633660A21E01E4E5006F091F /* FTListPresenter.m in Sources */,
				633660A81E01E58B006F091F /* FTListInteractor.m in Sources */,
				6337155D1E047E6200887366 /* FTFilterModuleViewController.m in Sources */,
				639B53DF1DFD586C00AE6CF5 /* FTVenueCell.m in Sources */,
				664A1EE31DF6D09C00F9637C /* FTLocation.m in Sources */,
				633660B41E0335BE006F091F /* AppDependencies.m in Sources */,
				633660921E003591006F091F /* FTShowMoreCell.m in Sources */,
				664A1EC01DF6C47700F9637C /* main.m in Sources */,
				639B53EB1DFDF97000AE6CF5 /* FTLocationManager.m in Sources */,
			);
			runOnlyForDeploymentPostprocessing = 0;
		};
/* End PBXSourcesBuildPhase section */

/* Begin PBXVariantGroup section */
		664A1EC71DF6C47700F9637C /* FTListView.storyboard */ = {
			isa = PBXVariantGroup;
			children = (
				664A1EC81DF6C47700F9637C /* Base */,
			);
			name = FTListView.storyboard;
			path = ..;
			sourceTree = "<group>";
		};
		664A1ECF1DF6C47700F9637C /* LaunchScreen.storyboard */ = {
			isa = PBXVariantGroup;
			children = (
				664A1ED01DF6C47700F9637C /* Base */,
			);
			name = LaunchScreen.storyboard;
			path = ../../..;
			sourceTree = "<group>";
		};
/* End PBXVariantGroup section */

/* Begin XCBuildConfiguration section */
		664A1ED31DF6C47700F9637C /* Debug */ = {
			isa = XCBuildConfiguration;
			buildSettings = {
				ALWAYS_SEARCH_USER_PATHS = NO;
				CLANG_ANALYZER_NONNULL = YES;
				CLANG_CXX_LANGUAGE_STANDARD = "gnu++0x";
				CLANG_CXX_LIBRARY = "libc++";
				CLANG_ENABLE_MODULES = YES;
				CLANG_ENABLE_OBJC_ARC = YES;
				CLANG_WARN_BOOL_CONVERSION = YES;
				CLANG_WARN_CONSTANT_CONVERSION = YES;
				CLANG_WARN_DIRECT_OBJC_ISA_USAGE = YES_ERROR;
				CLANG_WARN_DOCUMENTATION_COMMENTS = YES;
				CLANG_WARN_EMPTY_BODY = YES;
				CLANG_WARN_ENUM_CONVERSION = YES;
				CLANG_WARN_INFINITE_RECURSION = YES;
				CLANG_WARN_INT_CONVERSION = YES;
				CLANG_WARN_OBJC_ROOT_CLASS = YES_ERROR;
				CLANG_WARN_SUSPICIOUS_MOVES = YES;
				CLANG_WARN_UNREACHABLE_CODE = YES;
				CLANG_WARN__DUPLICATE_METHOD_MATCH = YES;
				"CODE_SIGN_IDENTITY[sdk=iphoneos*]" = "iPhone Developer";
				COPY_PHASE_STRIP = NO;
				DEBUG_INFORMATION_FORMAT = dwarf;
				ENABLE_STRICT_OBJC_MSGSEND = YES;
				ENABLE_TESTABILITY = YES;
				GCC_C_LANGUAGE_STANDARD = gnu99;
				GCC_DYNAMIC_NO_PIC = NO;
				GCC_NO_COMMON_BLOCKS = YES;
				GCC_OPTIMIZATION_LEVEL = 0;
				GCC_PREPROCESSOR_DEFINITIONS = (
					"DEBUG=1",
					"$(inherited)",
				);
				GCC_WARN_64_TO_32_BIT_CONVERSION = YES;
				GCC_WARN_ABOUT_RETURN_TYPE = YES_ERROR;
				GCC_WARN_UNDECLARED_SELECTOR = YES;
				GCC_WARN_UNINITIALIZED_AUTOS = YES_AGGRESSIVE;
				GCC_WARN_UNUSED_FUNCTION = YES;
				GCC_WARN_UNUSED_VARIABLE = YES;
				IPHONEOS_DEPLOYMENT_TARGET = 10.1;
				MTL_ENABLE_DEBUG_INFO = YES;
				ONLY_ACTIVE_ARCH = YES;
				SDKROOT = iphoneos;
				TARGETED_DEVICE_FAMILY = "1,2";
			};
			name = Debug;
		};
		664A1ED41DF6C47700F9637C /* Release */ = {
			isa = XCBuildConfiguration;
			buildSettings = {
				ALWAYS_SEARCH_USER_PATHS = NO;
				CLANG_ANALYZER_NONNULL = YES;
				CLANG_CXX_LANGUAGE_STANDARD = "gnu++0x";
				CLANG_CXX_LIBRARY = "libc++";
				CLANG_ENABLE_MODULES = YES;
				CLANG_ENABLE_OBJC_ARC = YES;
				CLANG_WARN_BOOL_CONVERSION = YES;
				CLANG_WARN_CONSTANT_CONVERSION = YES;
				CLANG_WARN_DIRECT_OBJC_ISA_USAGE = YES_ERROR;
				CLANG_WARN_DOCUMENTATION_COMMENTS = YES;
				CLANG_WARN_EMPTY_BODY = YES;
				CLANG_WARN_ENUM_CONVERSION = YES;
				CLANG_WARN_INFINITE_RECURSION = YES;
				CLANG_WARN_INT_CONVERSION = YES;
				CLANG_WARN_OBJC_ROOT_CLASS = YES_ERROR;
				CLANG_WARN_SUSPICIOUS_MOVES = YES;
				CLANG_WARN_UNREACHABLE_CODE = YES;
				CLANG_WARN__DUPLICATE_METHOD_MATCH = YES;
				"CODE_SIGN_IDENTITY[sdk=iphoneos*]" = "iPhone Developer";
				COPY_PHASE_STRIP = NO;
				DEBUG_INFORMATION_FORMAT = "dwarf-with-dsym";
				ENABLE_NS_ASSERTIONS = NO;
				ENABLE_STRICT_OBJC_MSGSEND = YES;
				GCC_C_LANGUAGE_STANDARD = gnu99;
				GCC_NO_COMMON_BLOCKS = YES;
				GCC_WARN_64_TO_32_BIT_CONVERSION = YES;
				GCC_WARN_ABOUT_RETURN_TYPE = YES_ERROR;
				GCC_WARN_UNDECLARED_SELECTOR = YES;
				GCC_WARN_UNINITIALIZED_AUTOS = YES_AGGRESSIVE;
				GCC_WARN_UNUSED_FUNCTION = YES;
				GCC_WARN_UNUSED_VARIABLE = YES;
				IPHONEOS_DEPLOYMENT_TARGET = 10.1;
				MTL_ENABLE_DEBUG_INFO = NO;
				SDKROOT = iphoneos;
				TARGETED_DEVICE_FAMILY = "1,2";
				VALIDATE_PRODUCT = YES;
			};
			name = Release;
		};
		664A1ED61DF6C47700F9637C /* Debug */ = {
			isa = XCBuildConfiguration;
			baseConfigurationReference = 5B721C9BC094896191A7435C /* Pods-ForesquareTest.debug.xcconfig */;
			buildSettings = {
				ASSETCATALOG_COMPILER_APPICON_NAME = AppIcon;
				DEVELOPMENT_TEAM = VPPZ4FUK88;
				INFOPLIST_FILE = ForesquareTest/Info.plist;
				LD_RUNPATH_SEARCH_PATHS = "$(inherited) @executable_path/Frameworks";
				PRODUCT_BUNDLE_IDENTIFIER = ru.complexsys.frstest.ForesquareTest;
				PRODUCT_NAME = "$(TARGET_NAME)";
			};
			name = Debug;
		};
		664A1ED71DF6C47700F9637C /* Release */ = {
			isa = XCBuildConfiguration;
			baseConfigurationReference = AA622109379C4D90C40B7D4F /* Pods-ForesquareTest.release.xcconfig */;
			buildSettings = {
				ASSETCATALOG_COMPILER_APPICON_NAME = AppIcon;
				DEVELOPMENT_TEAM = VPPZ4FUK88;
				INFOPLIST_FILE = ForesquareTest/Info.plist;
				LD_RUNPATH_SEARCH_PATHS = "$(inherited) @executable_path/Frameworks";
				PRODUCT_BUNDLE_IDENTIFIER = ru.complexsys.frstest.ForesquareTest;
				PRODUCT_NAME = "$(TARGET_NAME)";
			};
			name = Release;
		};
/* End XCBuildConfiguration section */

/* Begin XCConfigurationList section */
		664A1EB61DF6C47700F9637C /* Build configuration list for PBXProject "ForesquareTest" */ = {
			isa = XCConfigurationList;
			buildConfigurations = (
				664A1ED31DF6C47700F9637C /* Debug */,
				664A1ED41DF6C47700F9637C /* Release */,
			);
			defaultConfigurationIsVisible = 0;
			defaultConfigurationName = Release;
		};
		664A1ED51DF6C47700F9637C /* Build configuration list for PBXNativeTarget "ForesquareTest" */ = {
			isa = XCConfigurationList;
			buildConfigurations = (
				664A1ED61DF6C47700F9637C /* Debug */,
				664A1ED71DF6C47700F9637C /* Release */,
			);
			defaultConfigurationIsVisible = 0;
			defaultConfigurationName = Release;
		};
/* End XCConfigurationList section */

/* Begin XCVersionGroup section */
		664A1ECA1DF6C47700F9637C /* ForesquareTest.xcdatamodeld */ = {
			isa = XCVersionGroup;
			children = (
				664A1ECB1DF6C47700F9637C /* ForesquareTest.xcdatamodel */,
			);
			currentVersion = 664A1ECB1DF6C47700F9637C /* ForesquareTest.xcdatamodel */;
			name = ForesquareTest.xcdatamodeld;
			path = ../../../ForesquareTest.xcdatamodeld;
			sourceTree = "<group>";
			versionGroupType = wrapper.xcdatamodel;
		};
/* End XCVersionGroup section */
	};
	rootObject = 664A1EB31DF6C47700F9637C /* Project object */;
}
